
Microsoft Visual Studio Solution File, Format Version 12.00
# Visual Studio 15
Project("{FAE04EC0-301F-11D3-BF4B-00C04F79EFBC}") = "OAuth.Android", "OAuth.Android\OAuth.Android.csproj", "{24CE3C36-16B9-426D-AA0C-5961ECF8D88C}"
EndProject
Project("{FAE04EC0-301F-11D3-BF4B-00C04F79EFBC}") = "OAuth.iOS", "OAuth.iOS\OAuth.iOS.csproj", "{5094383A-C14F-477C-8A34-82C7B2777154}"
EndProject
Project("{FAE04EC0-301F-11D3-BF4B-00C04F79EFBC}") = "OAuth.UITests", "OAuth.UITests\OAuth.UITests.csproj", "{B19C892E-2628-4CA7-AD27-08D406A3B14B}"
EndProject
Project("{FAE04EC0-301F-11D3-BF4B-00C04F79EFBC}") = "OAuth", "OAuth\OAuth.csproj", "{F74E6CF8-4C21-49A5-8196-91043CF8EDA1}"
EndProject
Global
	GlobalSection(SolutionConfigurationPlatforms) = preSolution
		Debug|Any CPU = Debug|Any CPU
		Release|Any CPU = Release|Any CPU
		Debug|iPhoneSimulator = Debug|iPhoneSimulator
		Release|iPhoneSimulator = Release|iPhoneSimulator
		Debug|iPhone = Debug|iPhone
		Release|iPhone = Release|iPhone
	EndGlobalSection
	GlobalSection(ProjectConfigurationPlatforms) = postSolution
		{24CE3C36-16B9-426D-AA0C-5961ECF8D88C}.Debug|Any CPU.ActiveCfg = Debug|Any CPU
		{24CE3C36-16B9-426D-AA0C-5961ECF8D88C}.Debug|Any CPU.Build.0 = Debug|Any CPU
		{24CE3C36-16B9-426D-AA0C-5961ECF8D88C}.Release|Any CPU.ActiveCfg = Release|Any CPU
		{24CE3C36-16B9-426D-AA0C-5961ECF8D88C}.Release|Any CPU.Build.0 = Release|Any CPU
		{24CE3C36-16B9-426D-AA0C-5961ECF8D88C}.Debug|iPhoneSimulator.ActiveCfg = Debug|Any CPU
		{24CE3C36-16B9-426D-AA0C-5961ECF8D88C}.Debug|iPhoneSimulator.Build.0 = Debug|Any CPU
		{24CE3C36-16B9-426D-AA0C-5961ECF8D88C}.Release|iPhoneSimulator.ActiveCfg = Release|Any CPU
		{24CE3C36-16B9-426D-AA0C-5961ECF8D88C}.Release|iPhoneSimulator.Build.0 = Release|Any CPU
		{24CE3C36-16B9-426D-AA0C-5961ECF8D88C}.Debug|iPhone.ActiveCfg = Debug|Any CPU
		{24CE3C36-16B9-426D-AA0C-5961ECF8D88C}.Debug|iPhone.Build.0 = Debug|Any CPU
		{24CE3C36-16B9-426D-AA0C-5961ECF8D88C}.Release|iPhone.ActiveCfg = Release|Any CPU
		{24CE3C36-16B9-426D-AA0C-5961ECF8D88C}.Release|iPhone.Build.0 = Release|Any CPU
		{5094383A-C14F-477C-8A34-82C7B2777154}.Debug|Any CPU.ActiveCfg = Debug|iPhoneSimulator
		{5094383A-C14F-477C-8A34-82C7B2777154}.Debug|Any CPU.Build.0 = Debug|iPhoneSimulator
		{5094383A-C14F-477C-8A34-82C7B2777154}.Release|Any CPU.ActiveCfg = Release|iPhoneSimulator
		{5094383A-C14F-477C-8A34-82C7B2777154}.Release|Any CPU.Build.0 = Release|iPhoneSimulator
		{5094383A-C14F-477C-8A34-82C7B2777154}.Debug|iPhoneSimulator.ActiveCfg = Debug|iPhoneSimulator
		{5094383A-C14F-477C-8A34-82C7B2777154}.Debug|iPhoneSimulator.Build.0 = Debug|iPhoneSimulator
		{5094383A-C14F-477C-8A34-82C7B2777154}.Release|iPhoneSimulator.ActiveCfg = Release|iPhoneSimulator
		{5094383A-C14F-477C-8A34-82C7B2777154}.Release|iPhoneSimulator.Build.0 = Release|iPhoneSimulator
		{5094383A-C14F-477C-8A34-82C7B2777154}.Debug|iPhone.ActiveCfg = Debug|iPhone
		{5094383A-C14F-477C-8A34-82C7B2777154}.Debug|iPhone.Build.0 = Debug|iPhone
		{5094383A-C14F-477C-8A34-82C7B2777154}.Release|iPhone.ActiveCfg = Release|iPhone
		{5094383A-C14F-477C-8A34-82C7B2777154}.Release|iPhone.Build.0 = Release|iPhone
		{B19C892E-2628-4CA7-AD27-08D406A3B14B}.Debug|Any CPU.ActiveCfg = Debug|Any CPU
		{B19C892E-2628-4CA7-AD27-08D406A3B14B}.Debug|Any CPU.Build.0 = Debug|Any CPU
		{B19C892E-2628-4CA7-AD27-08D406A3B14B}.Release|Any CPU.ActiveCfg = Release|Any CPU
		{B19C892E-2628-4CA7-AD27-08D406A3B14B}.Release|Any CPU.Build.0 = Release|Any CPU
		{B19C892E-2628-4CA7-AD27-08D406A3B14B}.Debug|iPhoneSimulator.ActiveCfg = Debug|Any CPU
		{B19C892E-2628-4CA7-AD27-08D406A3B14B}.Debug|iPhoneSimulator.Build.0 = Debug|Any CPU
		{B19C892E-2628-4CA7-AD27-08D406A3B14B}.Release|iPhoneSimulator.ActiveCfg = Release|Any CPU
		{B19C892E-2628-4CA7-AD27-08D406A3B14B}.Release|iPhoneSimulator.Build.0 = Release|Any CPU
		{B19C892E-2628-4CA7-AD27-08D406A3B14B}.Debug|iPhone.ActiveCfg = Debug|Any CPU
		{B19C892E-2628-4CA7-AD27-08D406A3B14B}.Debug|iPhone.Build.0 = Debug|Any CPU
		{B19C892E-2628-4CA7-AD27-08D406A3B14B}.Release|iPhone.ActiveCfg = Release|Any CPU
		{B19C892E-2628-4CA7-AD27-08D406A3B14B}.Release|iPhone.Build.0 = Release|Any CPU
		{F74E6CF8-4C21-49A5-8196-91043CF8EDA1}.Debug|Any CPU.ActiveCfg = Debug|Any CPU
		{F74E6CF8-4C21-49A5-8196-91043CF8EDA1}.Debug|Any CPU.Build.0 = Debug|Any CPU
		{F74E6CF8-4C21-49A5-8196-91043CF8EDA1}.Release|Any CPU.ActiveCfg = Release|Any CPU
		{F74E6CF8-4C21-49A5-8196-91043CF8EDA1}.Release|Any CPU.Build.0 = Release|Any CPU
		{F74E6CF8-4C21-49A5-8196-91043CF8EDA1}.Debug|iPhoneSimulator.ActiveCfg = Debug|Any CPU
		{F74E6CF8-4C21-49A5-8196-91043CF8EDA1}.Debug|iPhoneSimulator.Build.0 = Debug|Any CPU
		{F74E6CF8-4C21-49A5-8196-91043CF8EDA1}.Release|iPhoneSimulator.ActiveCfg = Release|Any CPU
		{F74E6CF8-4C21-49A5-8196-91043CF8EDA1}.Release|iPhoneSimulator.Build.0 = Release|Any CPU
		{F74E6CF8-4C21-49A5-8196-91043CF8EDA1}.Debug|iPhone.ActiveCfg = Debug|Any CPU
		{F74E6CF8-4C21-49A5-8196-91043CF8EDA1}.Debug|iPhone.Build.0 = Debug|Any CPU
		{F74E6CF8-4C21-49A5-8196-91043CF8EDA1}.Release|iPhone.ActiveCfg = Release|Any CPU
		{F74E6CF8-4C21-49A5-8196-91043CF8EDA1}.Release|iPhone.Build.0 = Release|Any CPU
	EndGlobalSection
EndGlobal
